
Microsoft Visual Studio Solution File, Format Version 12.00
# Visual Studio Version 16
VisualStudioVersion = 16.0.31019.194
MinimumVisualStudioVersion = 10.0.40219.1
Project("{FAE04EC0-301F-11D3-BF4B-00C04F79EFBC}") = "Calculator", "Calculator\Calculator.csproj", "{56EC8549-65B3-40C4-84FD-394B00263A64}"
EndProject
Global
	GlobalSection(SolutionConfigurationPlatforms) = preSolution
		Debug|Any CPU = Debug|Any CPU
		Release|Any CPU = Release|Any CPU
	EndGlobalSection
	GlobalSection(ProjectConfigurationPlatforms) = postSolution
		{56EC8549-65B3-40C4-84FD-394B00263A64}.Debug|Any CPU.ActiveCfg = Debug|Any CPU
		{56EC8549-65B3-40C4-84FD-394B00263A64}.Debug|Any CPU.Build.0 = Debug|Any CPU
		{56EC8549-65B3-40C4-84FD-394B00263A64}.Release|Any CPU.ActiveCfg = Release|Any CPU
		{56EC8549-65B3-40C4-84FD-394B00263A64}.Release|Any CPU.Build.0 = Release|Any CPU
	EndGlobalSection
	GlobalSection(SolutionProperties) = preSolution
		HideSolutionNode = FALSE
	EndGlobalSection
	GlobalSection(ExtensibilityGlobals) = postSolution
		SolutionGuid = {19EB070B-76BF-483B-932E-1800D3E72E3F}
	EndGlobalSection
EndGlobal
